// !$*UTF8*$!
{
	archiveVersion = 1;
	classes = {
	};
	objectVersion = 46;
	objects = {

/* Begin PBXBuildFile section */
		69856494130AFEC9D1864BA4 /* Pods_Fav_Movies.framework in Frameworks */ = {isa = PBXBuildFile; fileRef = 609BAAF2F9CE2C5501A50B7E /* Pods_Fav_Movies.framework */; };
		E62889701CF02D2700F48ADC /* Constants.swift in Sources */ = {isa = PBXBuildFile; fileRef = E628896F1CF02D2700F48ADC /* Constants.swift */; };
		E62889721CF0320E00F48ADC /* Authentication.swift in Sources */ = {isa = PBXBuildFile; fileRef = E62889711CF0320E00F48ADC /* Authentication.swift */; };
		E62F0AEA1CF0760D00C5BC3B /* FavMovie+CoreDataProperties.swift in Sources */ = {isa = PBXBuildFile; fileRef = E62F0AE91CF0760D00C5BC3B /* FavMovie+CoreDataProperties.swift */; };
		E64022AF1CF03D740056C26B /* MoviesDetailVC.swift in Sources */ = {isa = PBXBuildFile; fileRef = E64022AE1CF03D740056C26B /* MoviesDetailVC.swift */; };
		E6411E831CEC4A68006C69B0 /* FavMovie.swift in Sources */ = {isa = PBXBuildFile; fileRef = E6411E811CEC4A68006C69B0 /* FavMovie.swift */; };
		E6411E881CEC4CAE006C69B0 /* MovieCell.swift in Sources */ = {isa = PBXBuildFile; fileRef = E6411E871CEC4CAE006C69B0 /* MovieCell.swift */; };
		E6411E8A1CEC5267006C69B0 /* AddMovieVC.swift in Sources */ = {isa = PBXBuildFile; fileRef = E6411E891CEC5267006C69B0 /* AddMovieVC.swift */; };
		E663996F1CEBABD90070CCBF /* AppDelegate.swift in Sources */ = {isa = PBXBuildFile; fileRef = E663996E1CEBABD90070CCBF /* AppDelegate.swift */; };
		E66399711CEBABD90070CCBF /* ViewController.swift in Sources */ = {isa = PBXBuildFile; fileRef = E66399701CEBABD90070CCBF /* ViewController.swift */; };
		E66399741CEBABD90070CCBF /* Main.storyboard in Resources */ = {isa = PBXBuildFile; fileRef = E66399721CEBABD90070CCBF /* Main.storyboard */; };
		E66399771CEBABD90070CCBF /* Fav_Movies.xcdatamodeld in Sources */ = {isa = PBXBuildFile; fileRef = E66399751CEBABD90070CCBF /* Fav_Movies.xcdatamodeld */; };
		E66399791CEBABD90070CCBF /* Assets.xcassets in Resources */ = {isa = PBXBuildFile; fileRef = E66399781CEBABD90070CCBF /* Assets.xcassets */; };
		E663997C1CEBABD90070CCBF /* LaunchScreen.storyboard in Resources */ = {isa = PBXBuildFile; fileRef = E663997A1CEBABD90070CCBF /* LaunchScreen.storyboard */; };
/* End PBXBuildFile section */

/* Begin PBXFileReference section */
		5FBB41DF726051410CAF5405 /* Pods-Fav-Movies.release.xcconfig */ = {isa = PBXFileReference; includeInIndex = 1; lastKnownFileType = text.xcconfig; name = "Pods-Fav-Movies.release.xcconfig"; path = "Pods/Target Support Files/Pods-Fav-Movies/Pods-Fav-Movies.release.xcconfig"; sourceTree = "<group>"; };
		609BAAF2F9CE2C5501A50B7E /* Pods_Fav_Movies.framework */ = {isa = PBXFileReference; explicitFileType = wrapper.framework; includeInIndex = 0; path = Pods_Fav_Movies.framework; sourceTree = BUILT_PRODUCTS_DIR; };
		E628896F1CF02D2700F48ADC /* Constants.swift */ = {isa = PBXFileReference; fileEncoding = 4; lastKnownFileType = sourcecode.swift; path = Constants.swift; sourceTree = "<group>"; };
		E62889711CF0320E00F48ADC /* Authentication.swift */ = {isa = PBXFileReference; fileEncoding = 4; lastKnownFileType = sourcecode.swift; path = Authentication.swift; sourceTree = "<group>"; };
		E62F0AE91CF0760D00C5BC3B /* FavMovie+CoreDataProperties.swift */ = {isa = PBXFileReference; fileEncoding = 4; lastKnownFileType = sourcecode.swift; path = "FavMovie+CoreDataProperties.swift"; sourceTree = "<group>"; };
		E64022AE1CF03D740056C26B /* MoviesDetailVC.swift */ = {isa = PBXFileReference; fileEncoding = 4; lastKnownFileType = sourcecode.swift; path = MoviesDetailVC.swift; sourceTree = "<group>"; };
		E6411E811CEC4A68006C69B0 /* FavMovie.swift */ = {isa = PBXFileReference; fileEncoding = 4; lastKnownFileType = sourcecode.swift; name = FavMovie.swift; path = ../FavMovie.swift; sourceTree = "<group>"; };
		E6411E871CEC4CAE006C69B0 /* MovieCell.swift */ = {isa = PBXFileReference; fileEncoding = 4; lastKnownFileType = sourcecode.swift; path = MovieCell.swift; sourceTree = "<group>"; };
		E6411E891CEC5267006C69B0 /* AddMovieVC.swift */ = {isa = PBXFileReference; fileEncoding = 4; lastKnownFileType = sourcecode.swift; path = AddMovieVC.swift; sourceTree = "<group>"; };
		E663996B1CEBABD90070CCBF /* Fav-Movies.app */ = {isa = PBXFileReference; explicitFileType = wrapper.application; includeInIndex = 0; path = "Fav-Movies.app"; sourceTree = BUILT_PRODUCTS_DIR; };
		E663996E1CEBABD90070CCBF /* AppDelegate.swift */ = {isa = PBXFileReference; lastKnownFileType = sourcecode.swift; path = AppDelegate.swift; sourceTree = "<group>"; };
		E66399701CEBABD90070CCBF /* ViewController.swift */ = {isa = PBXFileReference; lastKnownFileType = sourcecode.swift; path = ViewController.swift; sourceTree = "<group>"; };
		E66399731CEBABD90070CCBF /* Base */ = {isa = PBXFileReference; lastKnownFileType = file.storyboard; name = Base; path = Base.lproj/Main.storyboard; sourceTree = "<group>"; };
		E66399761CEBABD90070CCBF /* Fav_Movies.xcdatamodel */ = {isa = PBXFileReference; lastKnownFileType = wrapper.xcdatamodel; path = Fav_Movies.xcdatamodel; sourceTree = "<group>"; };
		E66399781CEBABD90070CCBF /* Assets.xcassets */ = {isa = PBXFileReference; lastKnownFileType = folder.assetcatalog; path = Assets.xcassets; sourceTree = "<group>"; };
		E663997B1CEBABD90070CCBF /* Base */ = {isa = PBXFileReference; lastKnownFileType = file.storyboard; name = Base; path = Base.lproj/LaunchScreen.storyboard; sourceTree = "<group>"; };
		E663997D1CEBABD90070CCBF /* Info.plist */ = {isa = PBXFileReference; lastKnownFileType = text.plist.xml; path = Info.plist; sourceTree = "<group>"; };
		EE5EB777AFAB87C448C40A78 /* Pods-Fav-Movies.debug.xcconfig */ = {isa = PBXFileReference; includeInIndex = 1; lastKnownFileType = text.xcconfig; name = "Pods-Fav-Movies.debug.xcconfig"; path = "Pods/Target Support Files/Pods-Fav-Movies/Pods-Fav-Movies.debug.xcconfig"; sourceTree = "<group>"; };
/* End PBXFileReference section */

/* Begin PBXFrameworksBuildPhase section */
		E66399681CEBABD90070CCBF /* Frameworks */ = {
			isa = PBXFrameworksBuildPhase;
			buildActionMask = 2147483647;
			files = (
				69856494130AFEC9D1864BA4 /* Pods_Fav_Movies.framework in Frameworks */,
			);
			runOnlyForDeploymentPostprocessing = 0;
		};
/* End PBXFrameworksBuildPhase section */

/* Begin PBXGroup section */
		B476C2FE0BC25B87929AA13A /* Pods */ = {
			isa = PBXGroup;
			children = (
				EE5EB777AFAB87C448C40A78 /* Pods-Fav-Movies.debug.xcconfig */,
				5FBB41DF726051410CAF5405 /* Pods-Fav-Movies.release.xcconfig */,
			);
			name = Pods;
			sourceTree = "<group>";
		};
		E628896E1CF02D1600F48ADC /* Util */ = {
			isa = PBXGroup;
			children = (
				E628896F1CF02D2700F48ADC /* Constants.swift */,
				E62889711CF0320E00F48ADC /* Authentication.swift */,
			);
			name = Util;
			sourceTree = "<group>";
		};
		E6411E841CEC4A72006C69B0 /* Model */ = {
			isa = PBXGroup;
			children = (
				E62F0AE91CF0760D00C5BC3B /* FavMovie+CoreDataProperties.swift */,
				E6411E811CEC4A68006C69B0 /* FavMovie.swift */,
			);
			name = Model;
			sourceTree = "<group>";
		};
		E6411E851CEC4A7A006C69B0 /* View */ = {
			isa = PBXGroup;
			children = (
				E66399721CEBABD90070CCBF /* Main.storyboard */,
				E663997A1CEBABD90070CCBF /* LaunchScreen.storyboard */,
				E6411E871CEC4CAE006C69B0 /* MovieCell.swift */,
			);
			name = View;
			sourceTree = "<group>";
		};
		E6411E861CEC4A80006C69B0 /* Controller */ = {
			isa = PBXGroup;
			children = (
				E66399701CEBABD90070CCBF /* ViewController.swift */,
				E6411E891CEC5267006C69B0 /* AddMovieVC.swift */,
				E64022AE1CF03D740056C26B /* MoviesDetailVC.swift */,
			);
			name = Controller;
			sourceTree = "<group>";
		};
		E66399621CEBABD90070CCBF = {
			isa = PBXGroup;
			children = (
				E663996D1CEBABD90070CCBF /* Fav-Movies */,
				E663996C1CEBABD90070CCBF /* Products */,
				B476C2FE0BC25B87929AA13A /* Pods */,
				E7380B78FC67DFD78FE335B7 /* Frameworks */,
			);
			sourceTree = "<group>";
		};
		E663996C1CEBABD90070CCBF /* Products */ = {
			isa = PBXGroup;
			children = (
				E663996B1CEBABD90070CCBF /* Fav-Movies.app */,
			);
			name = Products;
			sourceTree = "<group>";
		};
		E663996D1CEBABD90070CCBF /* Fav-Movies */ = {
			isa = PBXGroup;
			children = (
				E628896E1CF02D1600F48ADC /* Util */,
				E6411E841CEC4A72006C69B0 /* Model */,
				E6411E851CEC4A7A006C69B0 /* View */,
				E6411E861CEC4A80006C69B0 /* Controller */,
				E663996E1CEBABD90070CCBF /* AppDelegate.swift */,
				E66399781CEBABD90070CCBF /* Assets.xcassets */,
				E663997D1CEBABD90070CCBF /* Info.plist */,
				E66399751CEBABD90070CCBF /* Fav_Movies.xcdatamodeld */,
			);
			path = "Fav-Movies";
			sourceTree = "<group>";
		};
		E7380B78FC67DFD78FE335B7 /* Frameworks */ = {
			isa = PBXGroup;
			children = (
				609BAAF2F9CE2C5501A50B7E /* Pods_Fav_Movies.framework */,
			);
			name = Frameworks;
			sourceTree = "<group>";
		};
/* End PBXGroup section */

/* Begin PBXNativeTarget section */
		E663996A1CEBABD90070CCBF /* Fav-Movies */ = {
			isa = PBXNativeTarget;
			buildConfigurationList = E66399801CEBABD90070CCBF /* Build configuration list for PBXNativeTarget "Fav-Movies" */;
			buildPhases = (
				1A2B42517252717A9B8AC14A /* 📦 Check Pods Manifest.lock */,
				E66399671CEBABD90070CCBF /* Sources */,
				E66399681CEBABD90070CCBF /* Frameworks */,
				E66399691CEBABD90070CCBF /* Resources */,
				720735B661EF249149600DE5 /* 📦 Embed Pods Frameworks */,
				C0587CF396878C62FF972BE9 /* 📦 Copy Pods Resources */,
			);
			buildRules = (
			);
			dependencies = (
			);
			name = "Fav-Movies";
			productName = "Fav-Movies";
			productReference = E663996B1CEBABD90070CCBF /* Fav-Movies.app */;
			productType = "com.apple.product-type.application";
		};
/* End PBXNativeTarget section */

/* Begin PBXProject section */
		E66399631CEBABD90070CCBF /* Project object */ = {
			isa = PBXProject;
			attributes = {
				LastSwiftUpdateCheck = 0730;
				LastUpgradeCheck = 0730;
				ORGANIZATIONNAME = "Nikema Prophet";
				TargetAttributes = {
					E663996A1CEBABD90070CCBF = {
						CreatedOnToolsVersion = 7.3;
					};
				};
			};
			buildConfigurationList = E66399661CEBABD90070CCBF /* Build configuration list for PBXProject "Fav-Movies" */;
			compatibilityVersion = "Xcode 3.2";
			developmentRegion = English;
			hasScannedForEncodings = 0;
			knownRegions = (
				en,
				Base,
			);
			mainGroup = E66399621CEBABD90070CCBF;
			productRefGroup = E663996C1CEBABD90070CCBF /* Products */;
			projectDirPath = "";
			projectRoot = "";
			targets = (
				E663996A1CEBABD90070CCBF /* Fav-Movies */,
			);
		};
/* End PBXProject section */

/* Begin PBXResourcesBuildPhase section */
		E66399691CEBABD90070CCBF /* Resources */ = {
			isa = PBXResourcesBuildPhase;
			buildActionMask = 2147483647;
			files = (
				E663997C1CEBABD90070CCBF /* LaunchScreen.storyboard in Resources */,
				E66399791CEBABD90070CCBF /* Assets.xcassets in Resources */,
				E66399741CEBABD90070CCBF /* Main.storyboard in Resources */,
			);
			runOnlyForDeploymentPostprocessing = 0;
		};
/* End PBXResourcesBuildPhase section */

/* Begin PBXShellScriptBuildPhase section */
		1A2B42517252717A9B8AC14A /* 📦 Check Pods Manifest.lock */ = {
			isa = PBXShellScriptBuildPhase;
			buildActionMask = 2147483647;
			files = (
			);
			inputPaths = (
			);
			name = "📦 Check Pods Manifest.lock";
			outputPaths = (
			);
			runOnlyForDeploymentPostprocessing = 0;
			shellPath = /bin/sh;
			shellScript = "diff \"${PODS_ROOT}/../Podfile.lock\" \"${PODS_ROOT}/Manifest.lock\" > /dev/null\nif [[ $? != 0 ]] ; then\n    cat << EOM\nerror: The sandbox is not in sync with the Podfile.lock. Run 'pod install' or update your CocoaPods installation.\nEOM\n    exit 1\nfi\n";
			showEnvVarsInLog = 0;
		};
		720735B661EF249149600DE5 /* 📦 Embed Pods Frameworks */ = {
			isa = PBXShellScriptBuildPhase;
			buildActionMask = 2147483647;
			files = (
			);
			inputPaths = (
			);
			name = "📦 Embed Pods Frameworks";
			outputPaths = (
			);
			runOnlyForDeploymentPostprocessing = 0;
			shellPath = /bin/sh;
			shellScript = "\"${SRCROOT}/Pods/Target Support Files/Pods-Fav-Movies/Pods-Fav-Movies-frameworks.sh\"\n";
			showEnvVarsInLog = 0;
		};
		C0587CF396878C62FF972BE9 /* 📦 Copy Pods Resources */ = {
			isa = PBXShellScriptBuildPhase;
			buildActionMask = 2147483647;
			files = (
			);
			inputPaths = (
			);
			name = "📦 Copy Pods Resources";
			outputPaths = (
			);
			runOnlyForDeploymentPostprocessing = 0;
			shellPath = /bin/sh;
			shellScript = "\"${SRCROOT}/Pods/Target Support Files/Pods-Fav-Movies/Pods-Fav-Movies-resources.sh\"\n";
			showEnvVarsInLog = 0;
		};
/* End PBXShellScriptBuildPhase section */

/* Begin PBXSourcesBuildPhase section */
		E66399671CEBABD90070CCBF /* Sources */ = {
			isa = PBXSourcesBuildPhase;
			buildActionMask = 2147483647;
			files = (
				E62F0AEA1CF0760D00C5BC3B /* FavMovie+CoreDataProperties.swift in Sources */,
				E66399771CEBABD90070CCBF /* Fav_Movies.xcdatamodeld in Sources */,
				E6411E881CEC4CAE006C69B0 /* MovieCell.swift in Sources */,
				E6411E831CEC4A68006C69B0 /* FavMovie.swift in Sources */,
				E6411E8A1CEC5267006C69B0 /* AddMovieVC.swift in Sources */,
				E66399711CEBABD90070CCBF /* ViewController.swift in Sources */,
				E64022AF1CF03D740056C26B /* MoviesDetailVC.swift in Sources */,
				E663996F1CEBABD90070CCBF /* AppDelegate.swift in Sources */,
				E62889701CF02D2700F48ADC /* Constants.swift in Sources */,
				E62889721CF0320E00F48ADC /* Authentication.swift in Sources */,
			);
			runOnlyForDeploymentPostprocessing = 0;
		};
/* End PBXSourcesBuildPhase section */

/* Begin PBXVariantGroup section */
		E66399721CEBABD90070CCBF /* Main.storyboard */ = {
			isa = PBXVariantGroup;
			children = (
				E66399731CEBABD90070CCBF /* Base */,
			);
			name = Main.storyboard;
			sourceTree = "<group>";
		};
		E663997A1CEBABD90070CCBF /* LaunchScreen.storyboard */ = {
			isa = PBXVariantGroup;
			children = (
				E663997B1CEBABD90070CCBF /* Base */,
			);
			name = LaunchScreen.storyboard;
			sourceTree = "<group>";
		};
/* End PBXVariantGroup section */

/* Begin XCBuildConfiguration section */
		E663997E1CEBABD90070CCBF /* Debug */ = {
			isa = XCBuildConfiguration;
			buildSettings = {
				ALWAYS_SEARCH_USER_PATHS = NO;
				CLANG_ANALYZER_NONNULL = YES;
				CLANG_CXX_LANGUAGE_STANDARD = "gnu++0x";
				CLANG_CXX_LIBRARY = "libc++";
				CLANG_ENABLE_MODULES = YES;
				CLANG_ENABLE_OBJC_ARC = YES;
				CLANG_WARN_BOOL_CONVERSION = YES;
				CLANG_WARN_CONSTANT_CONVERSION = YES;
				CLANG_WARN_DIRECT_OBJC_ISA_USAGE = YES_ERROR;
				CLANG_WARN_EMPTY_BODY = YES;
				CLANG_WARN_ENUM_CONVERSION = YES;
				CLANG_WARN_INT_CONVERSION = YES;
				CLANG_WARN_OBJC_ROOT_CLASS = YES_ERROR;
				CLANG_WARN_UNREACHABLE_CODE = YES;
				CLANG_WARN__DUPLICATE_METHOD_MATCH = YES;
				"CODE_SIGN_IDENTITY[sdk=iphoneos*]" = "iPhone Developer";
				COPY_PHASE_STRIP = NO;
				DEBUG_INFORMATION_FORMAT = dwarf;
				ENABLE_STRICT_OBJC_MSGSEND = YES;
				ENABLE_TESTABILITY = YES;
				GCC_C_LANGUAGE_STANDARD = gnu99;
				GCC_DYNAMIC_NO_PIC = NO;
				GCC_NO_COMMON_BLOCKS = YES;
				GCC_OPTIMIZATION_LEVEL = 0;
				GCC_PREPROCESSOR_DEFINITIONS = (
					"DEBUG=1",
					"$(inherited)",
				);
				GCC_WARN_64_TO_32_BIT_CONVERSION = YES;
				GCC_WARN_ABOUT_RETURN_TYPE = YES_ERROR;
				GCC_WARN_UNDECLARED_SELECTOR = YES;
				GCC_WARN_UNINITIALIZED_AUTOS = YES_AGGRESSIVE;
				GCC_WARN_UNUSED_FUNCTION = YES;
				GCC_WARN_UNUSED_VARIABLE = YES;
				IPHONEOS_DEPLOYMENT_TARGET = 9.3;
				MTL_ENABLE_DEBUG_INFO = YES;
				ONLY_ACTIVE_ARCH = YES;
				SDKROOT = iphoneos;
				SWIFT_OPTIMIZATION_LEVEL = "-Onone";
			};
			name = Debug;
		};
		E663997F1CEBABD90070CCBF /* Release */ = {
			isa = XCBuildConfiguration;
			buildSettings = {
				ALWAYS_SEARCH_USER_PATHS = NO;
				CLANG_ANALYZER_NONNULL = YES;
				CLANG_CXX_LANGUAGE_STANDARD = "gnu++0x";
				CLANG_CXX_LIBRARY = "libc++";
				CLANG_ENABLE_MODULES = YES;
				CLANG_ENABLE_OBJC_ARC = YES;
				CLANG_WARN_BOOL_CONVERSION = YES;
				CLANG_WARN_CONSTANT_CONVERSION = YES;
				CLANG_WARN_DIRECT_OBJC_ISA_USAGE = YES_ERROR;
				CLANG_WARN_EMPTY_BODY = YES;
				CLANG_WARN_ENUM_CONVERSION = YES;
				CLANG_WARN_INT_CONVERSION = YES;
				CLANG_WARN_OBJC_ROOT_CLASS = YES_ERROR;
				CLANG_WARN_UNREACHABLE_CODE = YES;
				CLANG_WARN__DUPLICATE_METHOD_MATCH = YES;
				"CODE_SIGN_IDENTITY[sdk=iphoneos*]" = "iPhone Developer";
				COPY_PHASE_STRIP = NO;
				DEBUG_INFORMATION_FORMAT = "dwarf-with-dsym";
				ENABLE_NS_ASSERTIONS = NO;
				ENABLE_STRICT_OBJC_MSGSEND = YES;
				GCC_C_LANGUAGE_STANDARD = gnu99;
				GCC_NO_COMMON_BLOCKS = YES;
				GCC_WARN_64_TO_32_BIT_CONVERSION = YES;
				GCC_WARN_ABOUT_RETURN_TYPE = YES_ERROR;
				GCC_WARN_UNDECLARED_SELECTOR = YES;
				GCC_WARN_UNINITIALIZED_AUTOS = YES_AGGRESSIVE;
				GCC_WARN_UNUSED_FUNCTION = YES;
				GCC_WARN_UNUSED_VARIABLE = YES;
				IPHONEOS_DEPLOYMENT_TARGET = 9.3;
				MTL_ENABLE_DEBUG_INFO = NO;
				SDKROOT = iphoneos;
				VALIDATE_PRODUCT = YES;
			};
			name = Release;
		};
		E66399811CEBABD90070CCBF /* Debug */ = {
			isa = XCBuildConfiguration;
			baseConfigurationReference = EE5EB777AFAB87C448C40A78 /* Pods-Fav-Movies.debug.xcconfig */;
			buildSettings = {
				ASSETCATALOG_COMPILER_APPICON_NAME = AppIcon;
				INFOPLIST_FILE = "Fav-Movies/Info.plist";
				LD_RUNPATH_SEARCH_PATHS = "$(inherited) @executable_path/Frameworks";
				PRODUCT_BUNDLE_IDENTIFIER = "com.prophenapps.Fav-Movies";
				PRODUCT_NAME = "$(TARGET_NAME)";
			};
			name = Debug;
		};
		E66399821CEBABD90070CCBF /* Release */ = {
			isa = XCBuildConfiguration;
			baseConfigurationReference = 5FBB41DF726051410CAF5405 /* Pods-Fav-Movies.release.xcconfig */;
			buildSettings = {
				ASSETCATALOG_COMPILER_APPICON_NAME = AppIcon;
				INFOPLIST_FILE = "Fav-Movies/Info.plist";
				LD_RUNPATH_SEARCH_PATHS = "$(inherited) @executable_path/Frameworks";
				PRODUCT_BUNDLE_IDENTIFIER = "com.prophenapps.Fav-Movies";
				PRODUCT_NAME = "$(TARGET_NAME)";
			};
			name = Release;
		};
/* End XCBuildConfiguration section */

/* Begin XCConfigurationList section */
		E66399661CEBABD90070CCBF /* Build configuration list for PBXProject "Fav-Movies" */ = {
			isa = XCConfigurationList;
			buildConfigurations = (
				E663997E1CEBABD90070CCBF /* Debug */,
				E663997F1CEBABD90070CCBF /* Release */,
			);
			defaultConfigurationIsVisible = 0;
			defaultConfigurationName = Release;
		};
		E66399801CEBABD90070CCBF /* Build configuration list for PBXNativeTarget "Fav-Movies" */ = {
			isa = XCConfigurationList;
			buildConfigurations = (
				E66399811CEBABD90070CCBF /* Debug */,
				E66399821CEBABD90070CCBF /* Release */,
			);
			defaultConfigurationIsVisible = 0;
			defaultConfigurationName = Release;
		};
/* End XCConfigurationList section */

/* Begin XCVersionGroup section */
		E66399751CEBABD90070CCBF /* Fav_Movies.xcdatamodeld */ = {
			isa = XCVersionGroup;
			children = (
				E66399761CEBABD90070CCBF /* Fav_Movies.xcdatamodel */,
			);
			currentVersion = E66399761CEBABD90070CCBF /* Fav_Movies.xcdatamodel */;
			path = Fav_Movies.xcdatamodeld;
			sourceTree = "<group>";
			versionGroupType = wrapper.xcdatamodel;
		};
/* End XCVersionGroup section */
	};
	rootObject = E66399631CEBABD90070CCBF /* Project object */;
}
